
Microsoft Visual Studio Solution File, Format Version 12.00
# Visual Studio 15
VisualStudioVersion = 15.0.28307.902
MinimumVisualStudioVersion = 10.0.40219.1
Project("{8BC9CEB8-8B4A-11D0-8D11-00A0C91BC942}") = "Son", "Son\Son.vcxproj", "{BAE25550-AA3F-458A-9EE7-602A9CD51BA2}"
EndProject
Project("{8BC9CEB8-8B4A-11D0-8D11-00A0C91BC942}") = "Father", "Father\Father.vcxproj", "{72A51DB7-4B33-4113-8179-1E282070DF0D}"
EndProject
Global
	GlobalSection(SolutionConfigurationPlatforms) = preSolution
		Debug|x64 = Debug|x64
		Debug|x86 = Debug|x86
		Release|x64 = Release|x64
		Release|x86 = Release|x86
	EndGlobalSection
	GlobalSection(ProjectConfigurationPlatforms) = postSolution
		{BAE25550-AA3F-458A-9EE7-602A9CD51BA2}.Debug|x64.ActiveCfg = Debug|x64
		{BAE25550-AA3F-458A-9EE7-602A9CD51BA2}.Debug|x64.Build.0 = Debug|x64
		{BAE25550-AA3F-458A-9EE7-602A9CD51BA2}.Debug|x86.ActiveCfg = Debug|Win32
		{BAE25550-AA3F-458A-9EE7-602A9CD51BA2}.Debug|x86.Build.0 = Debug|Win32
		{BAE25550-AA3F-458A-9EE7-602A9CD51BA2}.Release|x64.ActiveCfg = Release|x64
		{BAE25550-AA3F-458A-9EE7-602A9CD51BA2}.Release|x64.Build.0 = Release|x64
		{BAE25550-AA3F-458A-9EE7-602A9CD51BA2}.Release|x86.ActiveCfg = Release|Win32
		{BAE25550-AA3F-458A-9EE7-602A9CD51BA2}.Release|x86.Build.0 = Release|Win32
		{72A51DB7-4B33-4113-8179-1E282070DF0D}.Debug|x64.ActiveCfg = Debug|x64
		{72A51DB7-4B33-4113-8179-1E282070DF0D}.Debug|x64.Build.0 = Debug|x64
		{72A51DB7-4B33-4113-8179-1E282070DF0D}.Debug|x86.ActiveCfg = Debug|Win32
		{72A51DB7-4B33-4113-8179-1E282070DF0D}.Debug|x86.Build.0 = Debug|Win32
		{72A51DB7-4B33-4113-8179-1E282070DF0D}.Release|x64.ActiveCfg = Release|x64
		{72A51DB7-4B33-4113-8179-1E282070DF0D}.Release|x64.Build.0 = Release|x64
		{72A51DB7-4B33-4113-8179-1E282070DF0D}.Release|x86.ActiveCfg = Release|Win32
		{72A51DB7-4B33-4113-8179-1E282070DF0D}.Release|x86.Build.0 = Release|Win32
	EndGlobalSection
	GlobalSection(SolutionProperties) = preSolution
		HideSolutionNode = FALSE
	EndGlobalSection
	GlobalSection(ExtensibilityGlobals) = postSolution
		SolutionGuid = {70FAE3E8-175A-462C-8B1A-A76E8F59FA34}
	EndGlobalSection
EndGlobal
